
Microsoft Visual Studio Solution File, Format Version 12.00
# Visual Studio 15
VisualStudioVersion = 15.0.26730.16
MinimumVisualStudioVersion = 10.0.40219.1
Project("{FAE04EC0-301F-11D3-BF4B-00C04F79EFBC}") = "IW.Console", "IW.ConsNET\IW.Console.csproj", "{A50B08A1-05A7-4AED-A02A-E39F7D021596}"
EndProject
Project("{FAE04EC0-301F-11D3-BF4B-00C04F79EFBC}") = "IW.Test", "IW.Test\IW.Test.csproj", "{8CD90499-8BF6-474E-B878-CEE5F5B9F631}"
EndProject
Project("{FAE04EC0-301F-11D3-BF4B-00C04F79EFBC}") = "CalculateCharges", "CalculateCharges\CalculateCharges.csproj", "{934ABCA6-0F41-4490-94CB-213FC8769AB3}"
EndProject
Project("{FAE04EC0-301F-11D3-BF4B-00C04F79EFBC}") = "IW.Web", "IW.Web\IW.Web.csproj", "{043671AB-2443-46AB-AD42-DEFB88F52819}"
EndProject
Project("{FAE04EC0-301F-11D3-BF4B-00C04F79EFBC}") = "IW.CalculateCharges", "IW.CalculateCharges\IW.CalculateCharges.csproj", "{14C92343-477A-4C05-AD0D-FC63EF1AFDF5}"
EndProject
Global
	GlobalSection(SolutionConfigurationPlatforms) = preSolution
		Debug|Any CPU = Debug|Any CPU
		Release|Any CPU = Release|Any CPU
	EndGlobalSection
	GlobalSection(ProjectConfigurationPlatforms) = postSolution
		{A50B08A1-05A7-4AED-A02A-E39F7D021596}.Debug|Any CPU.ActiveCfg = Debug|Any CPU
		{A50B08A1-05A7-4AED-A02A-E39F7D021596}.Debug|Any CPU.Build.0 = Debug|Any CPU
		{A50B08A1-05A7-4AED-A02A-E39F7D021596}.Release|Any CPU.ActiveCfg = Release|Any CPU
		{A50B08A1-05A7-4AED-A02A-E39F7D021596}.Release|Any CPU.Build.0 = Release|Any CPU
		{8CD90499-8BF6-474E-B878-CEE5F5B9F631}.Debug|Any CPU.ActiveCfg = Debug|Any CPU
		{8CD90499-8BF6-474E-B878-CEE5F5B9F631}.Debug|Any CPU.Build.0 = Debug|Any CPU
		{8CD90499-8BF6-474E-B878-CEE5F5B9F631}.Release|Any CPU.ActiveCfg = Release|Any CPU
		{8CD90499-8BF6-474E-B878-CEE5F5B9F631}.Release|Any CPU.Build.0 = Release|Any CPU
		{934ABCA6-0F41-4490-94CB-213FC8769AB3}.Debug|Any CPU.ActiveCfg = Debug|Any CPU
		{934ABCA6-0F41-4490-94CB-213FC8769AB3}.Debug|Any CPU.Build.0 = Debug|Any CPU
		{934ABCA6-0F41-4490-94CB-213FC8769AB3}.Release|Any CPU.ActiveCfg = Release|Any CPU
		{934ABCA6-0F41-4490-94CB-213FC8769AB3}.Release|Any CPU.Build.0 = Release|Any CPU
		{043671AB-2443-46AB-AD42-DEFB88F52819}.Debug|Any CPU.ActiveCfg = Debug|Any CPU
		{043671AB-2443-46AB-AD42-DEFB88F52819}.Debug|Any CPU.Build.0 = Debug|Any CPU
		{043671AB-2443-46AB-AD42-DEFB88F52819}.Release|Any CPU.ActiveCfg = Release|Any CPU
		{043671AB-2443-46AB-AD42-DEFB88F52819}.Release|Any CPU.Build.0 = Release|Any CPU
		{14C92343-477A-4C05-AD0D-FC63EF1AFDF5}.Debug|Any CPU.ActiveCfg = Debug|Any CPU
		{14C92343-477A-4C05-AD0D-FC63EF1AFDF5}.Debug|Any CPU.Build.0 = Debug|Any CPU
		{14C92343-477A-4C05-AD0D-FC63EF1AFDF5}.Release|Any CPU.ActiveCfg = Release|Any CPU
		{14C92343-477A-4C05-AD0D-FC63EF1AFDF5}.Release|Any CPU.Build.0 = Release|Any CPU
	EndGlobalSection
	GlobalSection(SolutionProperties) = preSolution
		HideSolutionNode = FALSE
	EndGlobalSection
	GlobalSection(ExtensibilityGlobals) = postSolution
		SolutionGuid = {47986123-AF7A-452F-8E57-BF02AD1B2D11}
	EndGlobalSection
EndGlobal
